
Microsoft Visual Studio Solution File, Format Version 12.00
# Visual Studio Version 17
VisualStudioVersion = 17.7.34003.232
MinimumVisualStudioVersion = 10.0.40219.1
Project("{FAE04EC0-301F-11D3-BF4B-00C04F79EFBC}") = "DailyPoetryWPF", "DailyPoetryWPF\DailyPoetryWPF.csproj", "{9F460D1E-A6F6-495E-8BEB-745270C36CA3}"
EndProject
Global
	GlobalSection(SolutionConfigurationPlatforms) = preSolution
		Debug|Any CPU = Debug|Any CPU
		Release|Any CPU = Release|Any CPU
	EndGlobalSection
	GlobalSection(ProjectConfigurationPlatforms) = postSolution
		{9F460D1E-A6F6-495E-8BEB-745270C36CA3}.Debug|Any CPU.ActiveCfg = Debug|Any CPU
		{9F460D1E-A6F6-495E-8BEB-745270C36CA3}.Debug|Any CPU.Build.0 = Debug|Any CPU
		{9F460D1E-A6F6-495E-8BEB-745270C36CA3}.Release|Any CPU.ActiveCfg = Release|Any CPU
		{9F460D1E-A6F6-495E-8BEB-745270C36CA3}.Release|Any CPU.Build.0 = Release|Any CPU
	EndGlobalSection
	GlobalSection(SolutionProperties) = preSolution
		HideSolutionNode = FALSE
	EndGlobalSection
	GlobalSection(ExtensibilityGlobals) = postSolution
		SolutionGuid = {41070902-A03B-4984-8712-92B0ECEA3E57}
	EndGlobalSection
EndGlobal
